
Microsoft Visual Studio Solution File, Format Version 12.00
# Visual Studio 15
VisualStudioVersion = 15.0.27130.2010
MinimumVisualStudioVersion = 10.0.40219.1
Project("{FAE04EC0-301F-11D3-BF4B-00C04F79EFBC}") = "SqlLiteToMSSql", "SqlLiteToMSSql\SqlLiteToMSSql.csproj", "{FF58D53B-F8EB-44E6-9B8F-2500B723C53B}"
EndProject
Global
	GlobalSection(SolutionConfigurationPlatforms) = preSolution
		Debug|Any CPU = Debug|Any CPU
		Release|Any CPU = Release|Any CPU
	EndGlobalSection
	GlobalSection(ProjectConfigurationPlatforms) = postSolution
		{FF58D53B-F8EB-44E6-9B8F-2500B723C53B}.Debug|Any CPU.ActiveCfg = Debug|Any CPU
		{FF58D53B-F8EB-44E6-9B8F-2500B723C53B}.Debug|Any CPU.Build.0 = Debug|Any CPU
		{FF58D53B-F8EB-44E6-9B8F-2500B723C53B}.Release|Any CPU.ActiveCfg = Release|Any CPU
		{FF58D53B-F8EB-44E6-9B8F-2500B723C53B}.Release|Any CPU.Build.0 = Release|Any CPU
	EndGlobalSection
	GlobalSection(SolutionProperties) = preSolution
		HideSolutionNode = FALSE
	EndGlobalSection
	GlobalSection(ExtensibilityGlobals) = postSolution
		SolutionGuid = {20A9CC3E-B3D0-41B8-BA1F-F26624957BC5}
	EndGlobalSection
	GlobalSection(TeamFoundationVersionControl) = preSolution
		SccNumberOfProjects = 2
		SccEnterpriseProvider = {4CA58AB2-18FA-4F8D-95D4-32DDF27D184C}
		SccTeamFoundationServer = https://technodezi.visualstudio.com/
		SccLocalPath0 = .
		SccProjectUniqueName1 = SqlLiteToMSSql\\SqlLiteToMSSql.csproj
		SccProjectName1 = SqlLiteToMSSql
		SccLocalPath1 = SqlLiteToMSSql
	EndGlobalSection
	GlobalSection(CodealikeProperties) = postSolution
		SolutionGuid = f41ab0d3-c5db-4b54-a33d-0e3559fba393
	EndGlobalSection
EndGlobal
